{
    "version": 3,
    "terraform_version": "0.11.1",
    "serial": 3,
    "lineage": "29f8c7a3-0ba0-4b19-963e-f9c67352c283",
    "modules": [
        {
            "path": [
                "root"
            ],
            "outputs": {},
            "resources": {
                "aws_eip.forNat": {
                    "type": "aws_eip",
                    "depends_on": [],
                    "primary": {
                        "id": "eipalloc-171e3f20",
                        "attributes": {
                            "association_id": "eipassoc-8abe8882",
                            "domain": "vpc",
                            "id": "eipalloc-171e3f20",
                            "instance": "",
                            "network_interface": "eni-d8de2204",
                            "private_ip": "172.28.0.227",
                            "public_ip": "52.6.43.41",
                            "tags.%": "0",
                            "vpc": "true"
                        },
                        "meta": {},
                        "tainted": false
                    },
                    "deposed": [],
                    "provider": "provider.aws"
                },
                "aws_instance.database": {
                    "type": "aws_instance",
                    "depends_on": [
                        "aws_security_group.Database",
                        "aws_subnet.PrivateAZA"
                    ],
                    "primary": {
                        "id": "i-072607eb0f1442ae8",
                        "attributes": {
                            "ami": "ami-b73b63a0",
                            "associate_public_ip_address": "false",
                            "availability_zone": "us-east-1b",
                            "disable_api_termination": "false",
                            "ebs_block_device.#": "0",
                            "ebs_optimized": "false",
                            "ephemeral_block_device.#": "0",
                            "iam_instance_profile": "",
                            "id": "i-072607eb0f1442ae8",
                            "instance_state": "running",
                            "instance_type": "t2.micro",
                            "ipv6_addresses.#": "0",
                            "key_name": "",
                            "monitoring": "false",
                            "network_interface.#": "0",
                            "network_interface_id": "eni-39945ab9",
                            "placement_group": "",
                            "primary_network_interface_id": "eni-39945ab9",
                            "private_dns": "ip-172-28-3-205.ec2.internal",
                            "private_ip": "172.28.3.205",
                            "public_dns": "",
                            "public_ip": "",
                            "root_block_device.#": "1",
                            "root_block_device.0.delete_on_termination": "true",
                            "root_block_device.0.iops": "100",
                            "root_block_device.0.volume_id": "vol-013160a716fe1eb93",
                            "root_block_device.0.volume_size": "8",
                            "root_block_device.0.volume_type": "gp2",
                            "security_groups.#": "0",
                            "source_dest_check": "true",
                            "subnet_id": "subnet-bd1b45d9",
                            "tags.%": "3",
                            "tags.Name": "database",
                            "tags.Owner": "Atits",
                            "tags.PrincipalId": "AIDAIAD7JMCNHPSIODDOU",
                            "tenancy": "default",
                            "user_data": "63961b70dea883783781196b473f1dbbd90d24ca",
                            "volume_tags.%": "2",
                            "volume_tags.Owner": "Atits",
                            "volume_tags.PrincipalId": "AIDAIAD7JMCNHPSIODDOU",
                            "vpc_security_group_ids.#": "1",
                            "vpc_security_group_ids.2904930418": "sg-b33565c7"
                        },
                        "meta": {
                            "e2bfb730-ecaa-11e6-8f88-34363bc7c4c0": {
                                "create": 600000000000,
                                "delete": 600000000000,
                                "update": 600000000000
                            },
                            "schema_version": "1"
                        },
                        "tainted": false
                    },
                    "deposed": [],
                    "provider": "provider.aws"
                },
                "aws_instance.phpapp": {
                    "type": "aws_instance",
                    "depends_on": [
                        "aws_key_pair.auth",
                        "aws_security_group.FrontEnd",
                        "aws_subnet.PublicAZA"
                    ],
                    "primary": {
                        "id": "i-09e583a97d480ab92",
                        "attributes": {
                            "ami": "ami-b73b63a0",
                            "associate_public_ip_address": "true",
                            "availability_zone": "us-east-1a",
                            "disable_api_termination": "false",
                            "ebs_block_device.#": "0",
                            "ebs_optimized": "false",
                            "ephemeral_block_device.#": "0",
                            "iam_instance_profile": "",
                            "id": "i-09e583a97d480ab92",
                            "instance_state": "running",
                            "instance_type": "t2.micro",
                            "ipv6_addresses.#": "0",
                            "key_name": "terraform-20180117104220811700000001",
                            "monitoring": "false",
                            "network_interface.#": "0",
                            "network_interface_id": "eni-bede2262",
                            "placement_group": "",
                            "primary_network_interface_id": "eni-bede2262",
                            "private_dns": "ip-172-28-0-159.ec2.internal",
                            "private_ip": "172.28.0.159",
                            "public_dns": "ec2-35-168-13-240.compute-1.amazonaws.com",
                            "public_ip": "35.168.13.240",
                            "root_block_device.#": "1",
                            "root_block_device.0.delete_on_termination": "true",
                            "root_block_device.0.iops": "100",
                            "root_block_device.0.volume_id": "vol-0f2ddf5a1d056920d",
                            "root_block_device.0.volume_size": "8",
                            "root_block_device.0.volume_type": "gp2",
                            "security_groups.#": "0",
                            "source_dest_check": "true",
                            "subnet_id": "subnet-7027bf2d",
                            "tags.%": "3",
                            "tags.Name": "phpapp",
                            "tags.Owner": "Atits",
                            "tags.PrincipalId": "AIDAIAD7JMCNHPSIODDOU",
                            "tenancy": "default",
                            "user_data": "a55e5f8aab81e0ccfa38d06d0a38f487dd16b08c",
                            "volume_tags.%": "2",
                            "volume_tags.Owner": "Atits",
                            "volume_tags.PrincipalId": "AIDAIAD7JMCNHPSIODDOU",
                            "vpc_security_group_ids.#": "1",
                            "vpc_security_group_ids.3766840929": "sg-750c5c01"
                        },
                        "meta": {
                            "e2bfb730-ecaa-11e6-8f88-34363bc7c4c0": {
                                "create": 600000000000,
                                "delete": 600000000000,
                                "update": 600000000000
                            },
                            "schema_version": "1"
                        },
                        "tainted": false
                    },
                    "deposed": [],
                    "provider": "provider.aws"
                },
                "aws_internet_gateway.gw": {
                    "type": "aws_internet_gateway",
                    "depends_on": [
                        "aws_vpc.terraformmain"
                    ],
                    "primary": {
                        "id": "igw-db0a38a2",
                        "attributes": {
                            "id": "igw-db0a38a2",
                            "tags.%": "1",
                            "tags.Name": "internet gw terraform generated",
                            "vpc_id": "vpc-37a3a24f"
                        },
                        "meta": {},
                        "tainted": false
                    },
                    "deposed": [],
                    "provider": "provider.aws"
                },
                "aws_key_pair.auth": {
                    "type": "aws_key_pair",
                    "depends_on": [],
                    "primary": {
                        "id": "terraform-20180117104220811700000001",
                        "attributes": {
                            "fingerprint": "46:f0:ac:72:85:f6:80:32:4d:04:63:c2:0c:8a:56:6f",
                            "id": "terraform-20180117104220811700000001",
                            "key_name": "terraform-20180117104220811700000001",
                            "public_key": "ssh-rsa AAAAB3NzaC1yc2EAAAADAQABAAABAQDdpQCEmLJN0qwsh7aV10ekWzeAcYRb3pNbh34XwvTtv0aUiuRxYOvw2Wp+nXq67W+i67A1IT467j0WxXu/wHdXPyxJgr9+BZ7PDfQ+9sjqkm7TjKtqbRa5/Jm4ZopaQ6LTb7wJH98Ks+GgzDrIfcwi0HFe0v7BVNqF++tvMMIU5+IEWjPIJYb93lgUnVVufh791jqa5MmfMNYRQlrhC0+VQ6FgzGC1101bOsp9PVdTaJ92g51MZtpE44oex9LYbu64cBT0dBuo/4vkzehUpN3cMq88khvND5bqjareWo512eitsEdijPYCI9dVGITdqg+whi0dud5Yg0udipxV5p0D root@User-VM"
                        },
                        "meta": {
                            "schema_version": "1"
                        },
                        "tainted": false
                    },
                    "deposed": [],
                    "provider": "provider.aws"
                },
                "aws_nat_gateway.PublicAZA": {
                    "type": "aws_nat_gateway",
                    "depends_on": [
                        "aws_eip.forNat",
                        "aws_internet_gateway.gw",
                        "aws_subnet.PublicAZA"
                    ],
                    "primary": {
                        "id": "nat-06f239c15e8c07abd",
                        "attributes": {
                            "allocation_id": "eipalloc-171e3f20",
                            "id": "nat-06f239c15e8c07abd",
                            "network_interface_id": "eni-d8de2204",
                            "private_ip": "172.28.0.227",
                            "public_ip": "52.6.43.41",
                            "subnet_id": "subnet-7027bf2d",
                            "tags.%": "0"
                        },
                        "meta": {},
                        "tainted": false
                    },
                    "deposed": [],
                    "provider": "provider.aws"
                },
                "aws_network_acl.all": {
                    "type": "aws_network_acl",
                    "depends_on": [
                        "aws_vpc.terraformmain"
                    ],
                    "primary": {
                        "id": "acl-c60d87bd",
                        "attributes": {
                            "egress.#": "1",
                            "egress.2943206146.action": "allow",
                            "egress.2943206146.cidr_block": "0.0.0.0/0",
                            "egress.2943206146.from_port": "0",
                            "egress.2943206146.icmp_code": "0",
                            "egress.2943206146.icmp_type": "0",
                            "egress.2943206146.ipv6_cidr_block": "",
                            "egress.2943206146.protocol": "-1",
                            "egress.2943206146.rule_no": "2",
                            "egress.2943206146.to_port": "0",
                            "id": "acl-c60d87bd",
                            "ingress.#": "1",
                            "ingress.1564094202.action": "allow",
                            "ingress.1564094202.cidr_block": "0.0.0.0/0",
                            "ingress.1564094202.from_port": "0",
                            "ingress.1564094202.icmp_code": "0",
                            "ingress.1564094202.icmp_type": "0",
                            "ingress.1564094202.ipv6_cidr_block": "",
                            "ingress.1564094202.protocol": "-1",
                            "ingress.1564094202.rule_no": "1",
                            "ingress.1564094202.to_port": "0",
                            "subnet_ids.#": "0",
                            "tags.%": "1",
                            "tags.Name": "open acl",
                            "vpc_id": "vpc-37a3a24f"
                        },
                        "meta": {},
                        "tainted": false
                    },
                    "deposed": [],
                    "provider": "provider.aws"
                },
                "aws_route_table.private": {
                    "type": "aws_route_table",
                    "depends_on": [
                        "aws_nat_gateway.PublicAZA",
                        "aws_vpc.terraformmain"
                    ],
                    "primary": {
                        "id": "rtb-9a4128e7",
                        "attributes": {
                            "id": "rtb-9a4128e7",
                            "propagating_vgws.#": "0",
                            "route.#": "1",
                            "route.2794114113.cidr_block": "0.0.0.0/0",
                            "route.2794114113.egress_only_gateway_id": "",
                            "route.2794114113.gateway_id": "",
                            "route.2794114113.instance_id": "",
                            "route.2794114113.ipv6_cidr_block": "",
                            "route.2794114113.nat_gateway_id": "nat-06f239c15e8c07abd",
                            "route.2794114113.network_interface_id": "",
                            "route.2794114113.vpc_peering_connection_id": "",
                            "tags.%": "1",
                            "tags.Name": "Private",
                            "vpc_id": "vpc-37a3a24f"
                        },
                        "meta": {},
                        "tainted": false
                    },
                    "deposed": [],
                    "provider": "provider.aws"
                },
                "aws_route_table.public": {
                    "type": "aws_route_table",
                    "depends_on": [
                        "aws_internet_gateway.gw",
                        "aws_vpc.terraformmain"
                    ],
                    "primary": {
                        "id": "rtb-cd721bb0",
                        "attributes": {
                            "id": "rtb-cd721bb0",
                            "propagating_vgws.#": "0",
                            "route.#": "1",
                            "route.3509353406.cidr_block": "0.0.0.0/0",
                            "route.3509353406.egress_only_gateway_id": "",
                            "route.3509353406.gateway_id": "igw-db0a38a2",
                            "route.3509353406.instance_id": "",
                            "route.3509353406.ipv6_cidr_block": "",
                            "route.3509353406.nat_gateway_id": "",
                            "route.3509353406.network_interface_id": "",
                            "route.3509353406.vpc_peering_connection_id": "",
                            "tags.%": "1",
                            "tags.Name": "Public",
                            "vpc_id": "vpc-37a3a24f"
                        },
                        "meta": {},
                        "tainted": false
                    },
                    "deposed": [],
                    "provider": "provider.aws"
                },
                "aws_route_table_association.PrivateAZA": {
                    "type": "aws_route_table_association",
                    "depends_on": [
                        "aws_route_table.private",
                        "aws_subnet.PrivateAZA"
                    ],
                    "primary": {
                        "id": "rtbassoc-0a2bf676",
                        "attributes": {
                            "id": "rtbassoc-0a2bf676",
                            "route_table_id": "rtb-9a4128e7",
                            "subnet_id": "subnet-bd1b45d9"
                        },
                        "meta": {},
                        "tainted": false
                    },
                    "deposed": [],
                    "provider": "provider.aws"
                },
                "aws_route_table_association.PublicAZA": {
                    "type": "aws_route_table_association",
                    "depends_on": [
                        "aws_route_table.public",
                        "aws_subnet.PublicAZA"
                    ],
                    "primary": {
                        "id": "rtbassoc-9f25f8e3",
                        "attributes": {
                            "id": "rtbassoc-9f25f8e3",
                            "route_table_id": "rtb-cd721bb0",
                            "subnet_id": "subnet-7027bf2d"
                        },
                        "meta": {},
                        "tainted": false
                    },
                    "deposed": [],
                    "provider": "provider.aws"
                },
                "aws_security_group.Database": {
                    "type": "aws_security_group",
                    "depends_on": [
                        "aws_security_group.FrontEnd",
                        "aws_vpc.terraformmain"
                    ],
                    "primary": {
                        "id": "sg-b33565c7",
                        "attributes": {
                            "description": "ONLY tcp CONNECTION INBOUND",
                            "egress.#": "1",
                            "egress.482069346.cidr_blocks.#": "1",
                            "egress.482069346.cidr_blocks.0": "0.0.0.0/0",
                            "egress.482069346.description": "",
                            "egress.482069346.from_port": "0",
                            "egress.482069346.ipv6_cidr_blocks.#": "0",
                            "egress.482069346.prefix_list_ids.#": "0",
                            "egress.482069346.protocol": "-1",
                            "egress.482069346.security_groups.#": "0",
                            "egress.482069346.self": "false",
                            "egress.482069346.to_port": "0",
                            "id": "sg-b33565c7",
                            "ingress.#": "2",
                            "ingress.1747074028.cidr_blocks.#": "0",
                            "ingress.1747074028.description": "",
                            "ingress.1747074028.from_port": "3306",
                            "ingress.1747074028.ipv6_cidr_blocks.#": "0",
                            "ingress.1747074028.protocol": "TCP",
                            "ingress.1747074028.security_groups.#": "1",
                            "ingress.1747074028.security_groups.3766840929": "sg-750c5c01",
                            "ingress.1747074028.self": "false",
                            "ingress.1747074028.to_port": "3306",
                            "ingress.2541437006.cidr_blocks.#": "1",
                            "ingress.2541437006.cidr_blocks.0": "0.0.0.0/0",
                            "ingress.2541437006.description": "",
                            "ingress.2541437006.from_port": "22",
                            "ingress.2541437006.ipv6_cidr_blocks.#": "0",
                            "ingress.2541437006.protocol": "TCP",
                            "ingress.2541437006.security_groups.#": "0",
                            "ingress.2541437006.self": "false",
                            "ingress.2541437006.to_port": "22",
                            "name": "Database",
                            "owner_id": "543816070942",
                            "revoke_rules_on_delete": "false",
                            "tags.%": "1",
                            "tags.Name": "Database",
                            "vpc_id": "vpc-37a3a24f"
                        },
                        "meta": {
                            "schema_version": "1"
                        },
                        "tainted": false
                    },
                    "deposed": [],
                    "provider": "provider.aws"
                },
                "aws_security_group.FrontEnd": {
                    "type": "aws_security_group",
                    "depends_on": [
                        "aws_vpc.terraformmain"
                    ],
                    "primary": {
                        "id": "sg-750c5c01",
                        "attributes": {
                            "description": "ONLY HTTP CONNECTION INBOUD",
                            "egress.#": "1",
                            "egress.482069346.cidr_blocks.#": "1",
                            "egress.482069346.cidr_blocks.0": "0.0.0.0/0",
                            "egress.482069346.description": "",
                            "egress.482069346.from_port": "0",
                            "egress.482069346.ipv6_cidr_blocks.#": "0",
                            "egress.482069346.prefix_list_ids.#": "0",
                            "egress.482069346.protocol": "-1",
                            "egress.482069346.security_groups.#": "0",
                            "egress.482069346.self": "false",
                            "egress.482069346.to_port": "0",
                            "id": "sg-750c5c01",
                            "ingress.#": "2",
                            "ingress.2214680975.cidr_blocks.#": "1",
                            "ingress.2214680975.cidr_blocks.0": "0.0.0.0/0",
                            "ingress.2214680975.description": "",
                            "ingress.2214680975.from_port": "80",
                            "ingress.2214680975.ipv6_cidr_blocks.#": "0",
                            "ingress.2214680975.protocol": "TCP",
                            "ingress.2214680975.security_groups.#": "0",
                            "ingress.2214680975.self": "false",
                            "ingress.2214680975.to_port": "80",
                            "ingress.2541437006.cidr_blocks.#": "1",
                            "ingress.2541437006.cidr_blocks.0": "0.0.0.0/0",
                            "ingress.2541437006.description": "",
                            "ingress.2541437006.from_port": "22",
                            "ingress.2541437006.ipv6_cidr_blocks.#": "0",
                            "ingress.2541437006.protocol": "TCP",
                            "ingress.2541437006.security_groups.#": "0",
                            "ingress.2541437006.self": "false",
                            "ingress.2541437006.to_port": "22",
                            "name": "FrontEnd",
                            "owner_id": "543816070942",
                            "revoke_rules_on_delete": "false",
                            "tags.%": "1",
                            "tags.Name": "FrontEnd",
                            "vpc_id": "vpc-37a3a24f"
                        },
                        "meta": {
                            "schema_version": "1"
                        },
                        "tainted": false
                    },
                    "deposed": [],
                    "provider": "provider.aws"
                },
                "aws_subnet.PrivateAZA": {
                    "type": "aws_subnet",
                    "depends_on": [
                        "aws_vpc.terraformmain",
                        "data.aws_availability_zones.available"
                    ],
                    "primary": {
                        "id": "subnet-bd1b45d9",
                        "attributes": {
                            "assign_ipv6_address_on_creation": "false",
                            "availability_zone": "us-east-1b",
                            "cidr_block": "172.28.3.0/24",
                            "id": "subnet-bd1b45d9",
                            "map_public_ip_on_launch": "false",
                            "tags.%": "1",
                            "tags.Name": "PublicAZB",
                            "vpc_id": "vpc-37a3a24f"
                        },
                        "meta": {
                            "schema_version": "1"
                        },
                        "tainted": false
                    },
                    "deposed": [],
                    "provider": "provider.aws"
                },
                "aws_subnet.PublicAZA": {
                    "type": "aws_subnet",
                    "depends_on": [
                        "aws_vpc.terraformmain",
                        "data.aws_availability_zones.available"
                    ],
                    "primary": {
                        "id": "subnet-7027bf2d",
                        "attributes": {
                            "assign_ipv6_address_on_creation": "false",
                            "availability_zone": "us-east-1a",
                            "cidr_block": "172.28.0.0/24",
                            "id": "subnet-7027bf2d",
                            "map_public_ip_on_launch": "false",
                            "tags.%": "1",
                            "tags.Name": "PublicAZA",
                            "vpc_id": "vpc-37a3a24f"
                        },
                        "meta": {
                            "schema_version": "1"
                        },
                        "tainted": false
                    },
                    "deposed": [],
                    "provider": "provider.aws"
                },
                "aws_vpc.terraformmain": {
                    "type": "aws_vpc",
                    "depends_on": [],
                    "primary": {
                        "id": "vpc-37a3a24f",
                        "attributes": {
                            "assign_generated_ipv6_cidr_block": "false",
                            "cidr_block": "172.28.0.0/16",
                            "default_network_acl_id": "acl-870389fc",
                            "default_route_table_id": "rtb-c24920bf",
                            "default_security_group_id": "sg-d13262a5",
                            "dhcp_options_id": "dopt-32995c57",
                            "enable_classiclink": "false",
                            "enable_classiclink_dns_support": "false",
                            "enable_dns_hostnames": "true",
                            "enable_dns_support": "true",
                            "id": "vpc-37a3a24f",
                            "instance_tenancy": "default",
                            "main_route_table_id": "rtb-c24920bf",
                            "tags.%": "1",
                            "tags.Name": "My terraform vpc"
                        },
                        "meta": {
                            "schema_version": "1"
                        },
                        "tainted": false
                    },
                    "deposed": [],
                    "provider": "provider.aws"
                },
                "data.aws_availability_zones.available": {
                    "type": "aws_availability_zones",
                    "depends_on": [],
                    "primary": {
                        "id": "2018-01-17 10:57:48.308375828 +0000 UTC",
                        "attributes": {
                            "id": "2018-01-17 10:57:48.308375828 +0000 UTC",
                            "names.#": "6",
                            "names.0": "us-east-1a",
                            "names.1": "us-east-1b",
                            "names.2": "us-east-1c",
                            "names.3": "us-east-1d",
                            "names.4": "us-east-1e",
                            "names.5": "us-east-1f"
                        },
                        "meta": {},
                        "tainted": false
                    },
                    "deposed": [],
                    "provider": "provider.aws"
                }
            },
            "depends_on": []
        }
    ]
}
